// !$*UTF8*$!
{
	archiveVersion = 1;
	classes = {
	};
	objectVersion = 46;
	objects = {

/* Begin PBXBuildFile section */
		334E6583207DB4B7005249B9 /* ZTKTestRequestAPI.m in Sources */ = {isa = PBXBuildFile; fileRef = 334E6582207DB4B7005249B9 /* ZTKTestRequestAPI.m */; };
		334E6586207DB4ED005249B9 /* ZTKBaseNetRequest.m in Sources */ = {isa = PBXBuildFile; fileRef = 334E6585207DB4ED005249B9 /* ZTKBaseNetRequest.m */; };
		334E6589207DBE6E005249B9 /* ZTKRequestCodeTool.m in Sources */ = {isa = PBXBuildFile; fileRef = 334E6588207DBE6E005249B9 /* ZTKRequestCodeTool.m */; };
		334E658C207DBF3E005249B9 /* ZTKRequestModel.m in Sources */ = {isa = PBXBuildFile; fileRef = 334E658B207DBF3E005249B9 /* ZTKRequestModel.m */; };
		33C65BDA20A3DFCF00F1295E /* UIButton+ButtonBlockCategory.m in Sources */ = {isa = PBXBuildFile; fileRef = 33C65BD820A3DFCF00F1295E /* UIButton+ButtonBlockCategory.m */; };
		33C65BE520A3E30500F1295E /* ZTKDownHelperManager.m in Sources */ = {isa = PBXBuildFile; fileRef = 33C65BE420A3E30500F1295E /* ZTKDownHelperManager.m */; };
		33C65BE820A3E3AE00F1295E /* ZTKDownItem.m in Sources */ = {isa = PBXBuildFile; fileRef = 33C65BE720A3E3AE00F1295E /* ZTKDownItem.m */; };
		33C65BEB20A3F40900F1295E /* ZTKBJDownHelper.m in Sources */ = {isa = PBXBuildFile; fileRef = 33C65BEA20A3F40900F1295E /* ZTKBJDownHelper.m */; };
		33C65BEE20A3F42500F1295E /* ZTKLLDownHelper.m in Sources */ = {isa = PBXBuildFile; fileRef = 33C65BED20A3F42500F1295E /* ZTKLLDownHelper.m */; };
		6003F58E195388D20070C39A /* Foundation.framework in Frameworks */ = {isa = PBXBuildFile; fileRef = 6003F58D195388D20070C39A /* Foundation.framework */; };
		6003F590195388D20070C39A /* CoreGraphics.framework in Frameworks */ = {isa = PBXBuildFile; fileRef = 6003F58F195388D20070C39A /* CoreGraphics.framework */; };
		6003F592195388D20070C39A /* UIKit.framework in Frameworks */ = {isa = PBXBuildFile; fileRef = 6003F591195388D20070C39A /* UIKit.framework */; };
		6003F598195388D20070C39A /* InfoPlist.strings in Resources */ = {isa = PBXBuildFile; fileRef = 6003F596195388D20070C39A /* InfoPlist.strings */; };
		6003F59A195388D20070C39A /* main.m in Sources */ = {isa = PBXBuildFile; fileRef = 6003F599195388D20070C39A /* main.m */; };
		6003F59E195388D20070C39A /* ZTKAppDelegate.m in Sources */ = {isa = PBXBuildFile; fileRef = 6003F59D195388D20070C39A /* ZTKAppDelegate.m */; };
		6003F5A7195388D20070C39A /* ZTKViewController.m in Sources */ = {isa = PBXBuildFile; fileRef = 6003F5A6195388D20070C39A /* ZTKViewController.m */; };
		6003F5A9195388D20070C39A /* Images.xcassets in Resources */ = {isa = PBXBuildFile; fileRef = 6003F5A8195388D20070C39A /* Images.xcassets */; };
		6003F5B0195388D20070C39A /* XCTest.framework in Frameworks */ = {isa = PBXBuildFile; fileRef = 6003F5AF195388D20070C39A /* XCTest.framework */; };
		6003F5B1195388D20070C39A /* Foundation.framework in Frameworks */ = {isa = PBXBuildFile; fileRef = 6003F58D195388D20070C39A /* Foundation.framework */; };
		6003F5B2195388D20070C39A /* UIKit.framework in Frameworks */ = {isa = PBXBuildFile; fileRef = 6003F591195388D20070C39A /* UIKit.framework */; };
		6003F5BA195388D20070C39A /* InfoPlist.strings in Resources */ = {isa = PBXBuildFile; fileRef = 6003F5B8195388D20070C39A /* InfoPlist.strings */; };
		6003F5BC195388D20070C39A /* Tests.m in Sources */ = {isa = PBXBuildFile; fileRef = 6003F5BB195388D20070C39A /* Tests.m */; };
		71719F9F1E33DC2100824A3D /* LaunchScreen.storyboard in Resources */ = {isa = PBXBuildFile; fileRef = 71719F9D1E33DC2100824A3D /* LaunchScreen.storyboard */; };
		873B8AEB1B1F5CCA007FD442 /* Main.storyboard in Resources */ = {isa = PBXBuildFile; fileRef = 873B8AEA1B1F5CCA007FD442 /* Main.storyboard */; };
		9E4047E0866C11B03AD046DD /* Pods_NetRequstAPI_Example.framework in Frameworks */ = {isa = PBXBuildFile; fileRef = CD19A15FD79EBA5171AFFF27 /* Pods_NetRequstAPI_Example.framework */; };
		AF928B6E5BCCD77AE62306F4 /* Pods_NetRequstAPI_Tests.framework in Frameworks */ = {isa = PBXBuildFile; fileRef = FCBF3975C50EDB19C16915B5 /* Pods_NetRequstAPI_Tests.framework */; };
/* End PBXBuildFile section */

/* Begin PBXContainerItemProxy section */
		6003F5B3195388D20070C39A /* PBXContainerItemProxy */ = {
			isa = PBXContainerItemProxy;
			containerPortal = 6003F582195388D10070C39A /* Project object */;
			proxyType = 1;
			remoteGlobalIDString = 6003F589195388D20070C39A;
			remoteInfo = NetRequstAPI;
		};
/* End PBXContainerItemProxy section */

/* Begin PBXFileReference section */
		1AEDADCF71E3B131622BB319 /* README.md */ = {isa = PBXFileReference; includeInIndex = 1; lastKnownFileType = net.daringfireball.markdown; name = README.md; path = ../README.md; sourceTree = "<group>"; };
		2D8B683771417A6D9BE66330 /* Pods-NetRequstAPI_Example.release.xcconfig */ = {isa = PBXFileReference; includeInIndex = 1; lastKnownFileType = text.xcconfig; name = "Pods-NetRequstAPI_Example.release.xcconfig"; path = "Pods/Target Support Files/Pods-NetRequstAPI_Example/Pods-NetRequstAPI_Example.release.xcconfig"; sourceTree = "<group>"; };
		334E6581207DB4B7005249B9 /* ZTKTestRequestAPI.h */ = {isa = PBXFileReference; lastKnownFileType = sourcecode.c.h; path = ZTKTestRequestAPI.h; sourceTree = "<group>"; };
		334E6582207DB4B7005249B9 /* ZTKTestRequestAPI.m */ = {isa = PBXFileReference; lastKnownFileType = sourcecode.c.objc; path = ZTKTestRequestAPI.m; sourceTree = "<group>"; };
		334E6584207DB4ED005249B9 /* ZTKBaseNetRequest.h */ = {isa = PBXFileReference; lastKnownFileType = sourcecode.c.h; path = ZTKBaseNetRequest.h; sourceTree = "<group>"; };
		334E6585207DB4ED005249B9 /* ZTKBaseNetRequest.m */ = {isa = PBXFileReference; lastKnownFileType = sourcecode.c.objc; path = ZTKBaseNetRequest.m; sourceTree = "<group>"; };
		334E6587207DBE6E005249B9 /* ZTKRequestCodeTool.h */ = {isa = PBXFileReference; lastKnownFileType = sourcecode.c.h; path = ZTKRequestCodeTool.h; sourceTree = "<group>"; };
		334E6588207DBE6E005249B9 /* ZTKRequestCodeTool.m */ = {isa = PBXFileReference; lastKnownFileType = sourcecode.c.objc; path = ZTKRequestCodeTool.m; sourceTree = "<group>"; };
		334E658A207DBF3E005249B9 /* ZTKRequestModel.h */ = {isa = PBXFileReference; lastKnownFileType = sourcecode.c.h; path = ZTKRequestModel.h; sourceTree = "<group>"; };
		334E658B207DBF3E005249B9 /* ZTKRequestModel.m */ = {isa = PBXFileReference; lastKnownFileType = sourcecode.c.objc; path = ZTKRequestModel.m; sourceTree = "<group>"; };
		33C65BD820A3DFCF00F1295E /* UIButton+ButtonBlockCategory.m */ = {isa = PBXFileReference; fileEncoding = 4; lastKnownFileType = sourcecode.c.objc; path = "UIButton+ButtonBlockCategory.m"; sourceTree = "<group>"; };
		33C65BD920A3DFCF00F1295E /* UIButton+ButtonBlockCategory.h */ = {isa = PBXFileReference; fileEncoding = 4; lastKnownFileType = sourcecode.c.h; path = "UIButton+ButtonBlockCategory.h"; sourceTree = "<group>"; };
		33C65BE020A3E2BD00F1295E /* ZTKDownHelperProtocol.h */ = {isa = PBXFileReference; lastKnownFileType = sourcecode.c.h; path = ZTKDownHelperProtocol.h; sourceTree = "<group>"; };
		33C65BE320A3E30500F1295E /* ZTKDownHelperManager.h */ = {isa = PBXFileReference; lastKnownFileType = sourcecode.c.h; path = ZTKDownHelperManager.h; sourceTree = "<group>"; };
		33C65BE420A3E30500F1295E /* ZTKDownHelperManager.m */ = {isa = PBXFileReference; lastKnownFileType = sourcecode.c.objc; path = ZTKDownHelperManager.m; sourceTree = "<group>"; };
		33C65BE620A3E3AE00F1295E /* ZTKDownItem.h */ = {isa = PBXFileReference; lastKnownFileType = sourcecode.c.h; path = ZTKDownItem.h; sourceTree = "<group>"; };
		33C65BE720A3E3AE00F1295E /* ZTKDownItem.m */ = {isa = PBXFileReference; lastKnownFileType = sourcecode.c.objc; path = ZTKDownItem.m; sourceTree = "<group>"; };
		33C65BE920A3F40900F1295E /* ZTKBJDownHelper.h */ = {isa = PBXFileReference; lastKnownFileType = sourcecode.c.h; path = ZTKBJDownHelper.h; sourceTree = "<group>"; };
		33C65BEA20A3F40900F1295E /* ZTKBJDownHelper.m */ = {isa = PBXFileReference; lastKnownFileType = sourcecode.c.objc; path = ZTKBJDownHelper.m; sourceTree = "<group>"; };
		33C65BEC20A3F42500F1295E /* ZTKLLDownHelper.h */ = {isa = PBXFileReference; lastKnownFileType = sourcecode.c.h; path = ZTKLLDownHelper.h; sourceTree = "<group>"; };
		33C65BED20A3F42500F1295E /* ZTKLLDownHelper.m */ = {isa = PBXFileReference; lastKnownFileType = sourcecode.c.objc; path = ZTKLLDownHelper.m; sourceTree = "<group>"; };
		3ED9826324D0B50F95725883 /* Pods-NetRequstAPI_Tests.release.xcconfig */ = {isa = PBXFileReference; includeInIndex = 1; lastKnownFileType = text.xcconfig; name = "Pods-NetRequstAPI_Tests.release.xcconfig"; path = "Pods/Target Support Files/Pods-NetRequstAPI_Tests/Pods-NetRequstAPI_Tests.release.xcconfig"; sourceTree = "<group>"; };
		5A1588198DFC2B9FEF3665A9 /* NetRequstAPI.podspec */ = {isa = PBXFileReference; includeInIndex = 1; lastKnownFileType = text; name = NetRequstAPI.podspec; path = ../NetRequstAPI.podspec; sourceTree = "<group>"; };
		5F33FE193706F3818888D994 /* LICENSE */ = {isa = PBXFileReference; includeInIndex = 1; lastKnownFileType = text; name = LICENSE; path = ../LICENSE; sourceTree = "<group>"; };
		6003F58A195388D20070C39A /* NetRequstAPI_Example.app */ = {isa = PBXFileReference; explicitFileType = wrapper.application; includeInIndex = 0; path = NetRequstAPI_Example.app; sourceTree = BUILT_PRODUCTS_DIR; };
		6003F58D195388D20070C39A /* Foundation.framework */ = {isa = PBXFileReference; lastKnownFileType = wrapper.framework; name = Foundation.framework; path = System/Library/Frameworks/Foundation.framework; sourceTree = SDKROOT; };
		6003F58F195388D20070C39A /* CoreGraphics.framework */ = {isa = PBXFileReference; lastKnownFileType = wrapper.framework; name = CoreGraphics.framework; path = System/Library/Frameworks/CoreGraphics.framework; sourceTree = SDKROOT; };
		6003F591195388D20070C39A /* UIKit.framework */ = {isa = PBXFileReference; lastKnownFileType = wrapper.framework; name = UIKit.framework; path = System/Library/Frameworks/UIKit.framework; sourceTree = SDKROOT; };
		6003F595195388D20070C39A /* NetRequstAPI-Info.plist */ = {isa = PBXFileReference; lastKnownFileType = text.plist.xml; path = "NetRequstAPI-Info.plist"; sourceTree = "<group>"; };
		6003F597195388D20070C39A /* en */ = {isa = PBXFileReference; lastKnownFileType = text.plist.strings; name = en; path = en.lproj/InfoPlist.strings; sourceTree = "<group>"; };
		6003F599195388D20070C39A /* main.m */ = {isa = PBXFileReference; lastKnownFileType = sourcecode.c.objc; path = main.m; sourceTree = "<group>"; };
		6003F59B195388D20070C39A /* NetRequstAPI-Prefix.pch */ = {isa = PBXFileReference; lastKnownFileType = sourcecode.c.h; path = "NetRequstAPI-Prefix.pch"; sourceTree = "<group>"; };
		6003F59C195388D20070C39A /* ZTKAppDelegate.h */ = {isa = PBXFileReference; lastKnownFileType = sourcecode.c.h; path = ZTKAppDelegate.h; sourceTree = "<group>"; };
		6003F59D195388D20070C39A /* ZTKAppDelegate.m */ = {isa = PBXFileReference; lastKnownFileType = sourcecode.c.objc; path = ZTKAppDelegate.m; sourceTree = "<group>"; };
		6003F5A5195388D20070C39A /* ZTKViewController.h */ = {isa = PBXFileReference; lastKnownFileType = sourcecode.c.h; path = ZTKViewController.h; sourceTree = "<group>"; };
		6003F5A6195388D20070C39A /* ZTKViewController.m */ = {isa = PBXFileReference; lastKnownFileType = sourcecode.c.objc; path = ZTKViewController.m; sourceTree = "<group>"; };
		6003F5A8195388D20070C39A /* Images.xcassets */ = {isa = PBXFileReference; lastKnownFileType = folder.assetcatalog; path = Images.xcassets; sourceTree = "<group>"; };
		6003F5AE195388D20070C39A /* NetRequstAPI_Tests.xctest */ = {isa = PBXFileReference; explicitFileType = wrapper.cfbundle; includeInIndex = 0; path = NetRequstAPI_Tests.xctest; sourceTree = BUILT_PRODUCTS_DIR; };
		6003F5AF195388D20070C39A /* XCTest.framework */ = {isa = PBXFileReference; lastKnownFileType = wrapper.framework; name = XCTest.framework; path = Library/Frameworks/XCTest.framework; sourceTree = DEVELOPER_DIR; };
		6003F5B7195388D20070C39A /* Tests-Info.plist */ = {isa = PBXFileReference; lastKnownFileType = text.plist.xml; path = "Tests-Info.plist"; sourceTree = "<group>"; };
		6003F5B9195388D20070C39A /* en */ = {isa = PBXFileReference; lastKnownFileType = text.plist.strings; name = en; path = en.lproj/InfoPlist.strings; sourceTree = "<group>"; };
		6003F5BB195388D20070C39A /* Tests.m */ = {isa = PBXFileReference; lastKnownFileType = sourcecode.c.objc; path = Tests.m; sourceTree = "<group>"; };
		606FC2411953D9B200FFA9A0 /* Tests-Prefix.pch */ = {isa = PBXFileReference; lastKnownFileType = sourcecode.c.h; path = "Tests-Prefix.pch"; sourceTree = "<group>"; };
		71719F9E1E33DC2100824A3D /* Base */ = {isa = PBXFileReference; lastKnownFileType = file.storyboard; name = Base; path = Base.lproj/LaunchScreen.storyboard; sourceTree = "<group>"; };
		873B8AEA1B1F5CCA007FD442 /* Main.storyboard */ = {isa = PBXFileReference; fileEncoding = 4; lastKnownFileType = file.storyboard; name = Main.storyboard; path = Base.lproj/Main.storyboard; sourceTree = "<group>"; };
		CD19A15FD79EBA5171AFFF27 /* Pods_NetRequstAPI_Example.framework */ = {isa = PBXFileReference; explicitFileType = wrapper.framework; includeInIndex = 0; path = Pods_NetRequstAPI_Example.framework; sourceTree = BUILT_PRODUCTS_DIR; };
		DED94AA704806E5CAA813CB6 /* Pods-NetRequstAPI_Tests.debug.xcconfig */ = {isa = PBXFileReference; includeInIndex = 1; lastKnownFileType = text.xcconfig; name = "Pods-NetRequstAPI_Tests.debug.xcconfig"; path = "Pods/Target Support Files/Pods-NetRequstAPI_Tests/Pods-NetRequstAPI_Tests.debug.xcconfig"; sourceTree = "<group>"; };
		F6489207B298096B71083B24 /* Pods-NetRequstAPI_Example.debug.xcconfig */ = {isa = PBXFileReference; includeInIndex = 1; lastKnownFileType = text.xcconfig; name = "Pods-NetRequstAPI_Example.debug.xcconfig"; path = "Pods/Target Support Files/Pods-NetRequstAPI_Example/Pods-NetRequstAPI_Example.debug.xcconfig"; sourceTree = "<group>"; };
		FCBF3975C50EDB19C16915B5 /* Pods_NetRequstAPI_Tests.framework */ = {isa = PBXFileReference; explicitFileType = wrapper.framework; includeInIndex = 0; path = Pods_NetRequstAPI_Tests.framework; sourceTree = BUILT_PRODUCTS_DIR; };
/* End PBXFileReference section */

/* Begin PBXFrameworksBuildPhase section */
		6003F587195388D20070C39A /* Frameworks */ = {
			isa = PBXFrameworksBuildPhase;
			buildActionMask = 2147483647;
			files = (
				6003F590195388D20070C39A /* CoreGraphics.framework in Frameworks */,
				6003F592195388D20070C39A /* UIKit.framework in Frameworks */,
				6003F58E195388D20070C39A /* Foundation.framework in Frameworks */,
				9E4047E0866C11B03AD046DD /* Pods_NetRequstAPI_Example.framework in Frameworks */,
			);
			runOnlyForDeploymentPostprocessing = 0;
		};
		6003F5AB195388D20070C39A /* Frameworks */ = {
			isa = PBXFrameworksBuildPhase;
			buildActionMask = 2147483647;
			files = (
				6003F5B0195388D20070C39A /* XCTest.framework in Frameworks */,
				6003F5B2195388D20070C39A /* UIKit.framework in Frameworks */,
				6003F5B1195388D20070C39A /* Foundation.framework in Frameworks */,
				AF928B6E5BCCD77AE62306F4 /* Pods_NetRequstAPI_Tests.framework in Frameworks */,
			);
			runOnlyForDeploymentPostprocessing = 0;
		};
/* End PBXFrameworksBuildPhase section */

/* Begin PBXGroup section */
		2AC18D5B8DEDE0909F2A9E2E /* Pods */ = {
			isa = PBXGroup;
			children = (
				F6489207B298096B71083B24 /* Pods-NetRequstAPI_Example.debug.xcconfig */,
				2D8B683771417A6D9BE66330 /* Pods-NetRequstAPI_Example.release.xcconfig */,
				DED94AA704806E5CAA813CB6 /* Pods-NetRequstAPI_Tests.debug.xcconfig */,
				3ED9826324D0B50F95725883 /* Pods-NetRequstAPI_Tests.release.xcconfig */,
			);
			name = Pods;
			sourceTree = "<group>";
		};
		33C65BD720A3DFBB00F1295E /* View */ = {
			isa = PBXGroup;
			children = (
				33C65BD920A3DFCF00F1295E /* UIButton+ButtonBlockCategory.h */,
				33C65BD820A3DFCF00F1295E /* UIButton+ButtonBlockCategory.m */,
			);
			path = View;
			sourceTree = "<group>";
		};
		33C65BDB20A3E17400F1295E /* Protocol */ = {
			isa = PBXGroup;
			children = (
				33C65BE020A3E2BD00F1295E /* ZTKDownHelperProtocol.h */,
				33C65BE320A3E30500F1295E /* ZTKDownHelperManager.h */,
				33C65BE420A3E30500F1295E /* ZTKDownHelperManager.m */,
				33C65BE920A3F40900F1295E /* ZTKBJDownHelper.h */,
				33C65BEA20A3F40900F1295E /* ZTKBJDownHelper.m */,
				33C65BEC20A3F42500F1295E /* ZTKLLDownHelper.h */,
				33C65BED20A3F42500F1295E /* ZTKLLDownHelper.m */,
				33C65BE620A3E3AE00F1295E /* ZTKDownItem.h */,
				33C65BE720A3E3AE00F1295E /* ZTKDownItem.m */,
			);
			path = Protocol;
			sourceTree = "<group>";
		};
		6003F581195388D10070C39A = {
			isa = PBXGroup;
			children = (
				60FF7A9C1954A5C5007DD14C /* Podspec Metadata */,
				6003F593195388D20070C39A /* Example for NetRequstAPI */,
				6003F5B5195388D20070C39A /* Tests */,
				6003F58C195388D20070C39A /* Frameworks */,
				6003F58B195388D20070C39A /* Products */,
				2AC18D5B8DEDE0909F2A9E2E /* Pods */,
			);
			sourceTree = "<group>";
		};
		6003F58B195388D20070C39A /* Products */ = {
			isa = PBXGroup;
			children = (
				6003F58A195388D20070C39A /* NetRequstAPI_Example.app */,
				6003F5AE195388D20070C39A /* NetRequstAPI_Tests.xctest */,
			);
			name = Products;
			sourceTree = "<group>";
		};
		6003F58C195388D20070C39A /* Frameworks */ = {
			isa = PBXGroup;
			children = (
				6003F58D195388D20070C39A /* Foundation.framework */,
				6003F58F195388D20070C39A /* CoreGraphics.framework */,
				6003F591195388D20070C39A /* UIKit.framework */,
				6003F5AF195388D20070C39A /* XCTest.framework */,
				CD19A15FD79EBA5171AFFF27 /* Pods_NetRequstAPI_Example.framework */,
				FCBF3975C50EDB19C16915B5 /* Pods_NetRequstAPI_Tests.framework */,
			);
			name = Frameworks;
			sourceTree = "<group>";
		};
		6003F593195388D20070C39A /* Example for NetRequstAPI */ = {
			isa = PBXGroup;
			children = (
				33C65BDB20A3E17400F1295E /* Protocol */,
				33C65BD720A3DFBB00F1295E /* View */,
				6003F59C195388D20070C39A /* ZTKAppDelegate.h */,
				6003F59D195388D20070C39A /* ZTKAppDelegate.m */,
				873B8AEA1B1F5CCA007FD442 /* Main.storyboard */,
				6003F5A5195388D20070C39A /* ZTKViewController.h */,
				6003F5A6195388D20070C39A /* ZTKViewController.m */,
				334E6581207DB4B7005249B9 /* ZTKTestRequestAPI.h */,
				334E6582207DB4B7005249B9 /* ZTKTestRequestAPI.m */,
				334E6584207DB4ED005249B9 /* ZTKBaseNetRequest.h */,
				334E6585207DB4ED005249B9 /* ZTKBaseNetRequest.m */,
				334E6587207DBE6E005249B9 /* ZTKRequestCodeTool.h */,
				334E6588207DBE6E005249B9 /* ZTKRequestCodeTool.m */,
				334E658A207DBF3E005249B9 /* ZTKRequestModel.h */,
				334E658B207DBF3E005249B9 /* ZTKRequestModel.m */,
				71719F9D1E33DC2100824A3D /* LaunchScreen.storyboard */,
				6003F5A8195388D20070C39A /* Images.xcassets */,
				6003F594195388D20070C39A /* Supporting Files */,
			);
			name = "Example for NetRequstAPI";
			path = NetRequstAPI;
			sourceTree = "<group>";
		};
		6003F594195388D20070C39A /* Supporting Files */ = {
			isa = PBXGroup;
			children = (
				6003F595195388D20070C39A /* NetRequstAPI-Info.plist */,
				6003F596195388D20070C39A /* InfoPlist.strings */,
				6003F599195388D20070C39A /* main.m */,
				6003F59B195388D20070C39A /* NetRequstAPI-Prefix.pch */,
			);
			name = "Supporting Files";
			sourceTree = "<group>";
		};
		6003F5B5195388D20070C39A /* Tests */ = {
			isa = PBXGroup;
			children = (
				6003F5BB195388D20070C39A /* Tests.m */,
				6003F5B6195388D20070C39A /* Supporting Files */,
			);
			path = Tests;
			sourceTree = "<group>";
		};
		6003F5B6195388D20070C39A /* Supporting Files */ = {
			isa = PBXGroup;
			children = (
				6003F5B7195388D20070C39A /* Tests-Info.plist */,
				6003F5B8195388D20070C39A /* InfoPlist.strings */,
				606FC2411953D9B200FFA9A0 /* Tests-Prefix.pch */,
			);
			name = "Supporting Files";
			sourceTree = "<group>";
		};
		60FF7A9C1954A5C5007DD14C /* Podspec Metadata */ = {
			isa = PBXGroup;
			children = (
				5A1588198DFC2B9FEF3665A9 /* NetRequstAPI.podspec */,
				1AEDADCF71E3B131622BB319 /* README.md */,
				5F33FE193706F3818888D994 /* LICENSE */,
			);
			name = "Podspec Metadata";
			sourceTree = "<group>";
		};
/* End PBXGroup section */

/* Begin PBXNativeTarget section */
		6003F589195388D20070C39A /* NetRequstAPI_Example */ = {
			isa = PBXNativeTarget;
			buildConfigurationList = 6003F5BF195388D20070C39A /* Build configuration list for PBXNativeTarget "NetRequstAPI_Example" */;
			buildPhases = (
				8533D6AE21AECC98F7C815F0 /* [CP] Check Pods Manifest.lock */,
				6003F586195388D20070C39A /* Sources */,
				6003F587195388D20070C39A /* Frameworks */,
				6003F588195388D20070C39A /* Resources */,
				954652B7B2CA5726F0EF9340 /* [CP] Embed Pods Frameworks */,
			);
			buildRules = (
			);
			dependencies = (
			);
			name = NetRequstAPI_Example;
			productName = NetRequstAPI;
			productReference = 6003F58A195388D20070C39A /* NetRequstAPI_Example.app */;
			productType = "com.apple.product-type.application";
		};
		6003F5AD195388D20070C39A /* NetRequstAPI_Tests */ = {
			isa = PBXNativeTarget;
			buildConfigurationList = 6003F5C2195388D20070C39A /* Build configuration list for PBXNativeTarget "NetRequstAPI_Tests" */;
			buildPhases = (
				632C42496C5B5075DDB3EBAA /* [CP] Check Pods Manifest.lock */,
				6003F5AA195388D20070C39A /* Sources */,
				6003F5AB195388D20070C39A /* Frameworks */,
				6003F5AC195388D20070C39A /* Resources */,
				0D9904655B96A052A2B279DE /* [CP] Embed Pods Frameworks */,
			);
			buildRules = (
			);
			dependencies = (
				6003F5B4195388D20070C39A /* PBXTargetDependency */,
			);
			name = NetRequstAPI_Tests;
			productName = NetRequstAPITests;
			productReference = 6003F5AE195388D20070C39A /* NetRequstAPI_Tests.xctest */;
			productType = "com.apple.product-type.bundle.unit-test";
		};
/* End PBXNativeTarget section */

/* Begin PBXProject section */
		6003F582195388D10070C39A /* Project object */ = {
			isa = PBXProject;
			attributes = {
				CLASSPREFIX = ZTK;
				LastUpgradeCheck = 0720;
				ORGANIZATIONNAME = "shou1wang@gmail.com";
				TargetAttributes = {
					6003F589195388D20070C39A = {
						DevelopmentTeam = B4Q6JBQZP4;
					};
					6003F5AD195388D20070C39A = {
						TestTargetID = 6003F589195388D20070C39A;
					};
				};
			};
			buildConfigurationList = 6003F585195388D10070C39A /* Build configuration list for PBXProject "NetRequstAPI" */;
			compatibilityVersion = "Xcode 3.2";
			developmentRegion = English;
			hasScannedForEncodings = 0;
			knownRegions = (
				en,
				Base,
			);
			mainGroup = 6003F581195388D10070C39A;
			productRefGroup = 6003F58B195388D20070C39A /* Products */;
			projectDirPath = "";
			projectRoot = "";
			targets = (
				6003F589195388D20070C39A /* NetRequstAPI_Example */,
				6003F5AD195388D20070C39A /* NetRequstAPI_Tests */,
			);
		};
/* End PBXProject section */

/* Begin PBXResourcesBuildPhase section */
		6003F588195388D20070C39A /* Resources */ = {
			isa = PBXResourcesBuildPhase;
			buildActionMask = 2147483647;
			files = (
				873B8AEB1B1F5CCA007FD442 /* Main.storyboard in Resources */,
				71719F9F1E33DC2100824A3D /* LaunchScreen.storyboard in Resources */,
				6003F5A9195388D20070C39A /* Images.xcassets in Resources */,
				6003F598195388D20070C39A /* InfoPlist.strings in Resources */,
			);
			runOnlyForDeploymentPostprocessing = 0;
		};
		6003F5AC195388D20070C39A /* Resources */ = {
			isa = PBXResourcesBuildPhase;
			buildActionMask = 2147483647;
			files = (
				6003F5BA195388D20070C39A /* InfoPlist.strings in Resources */,
			);
			runOnlyForDeploymentPostprocessing = 0;
		};
/* End PBXResourcesBuildPhase section */

/* Begin PBXShellScriptBuildPhase section */
		0D9904655B96A052A2B279DE /* [CP] Embed Pods Frameworks */ = {
			isa = PBXShellScriptBuildPhase;
			buildActionMask = 2147483647;
			files = (
			);
			inputPaths = (
				"${SRCROOT}/Pods/Target Support Files/Pods-NetRequstAPI_Tests/Pods-NetRequstAPI_Tests-frameworks.sh",
				"${BUILT_PRODUCTS_DIR}/FBSnapshotTestCase/FBSnapshotTestCase.framework",
			);
			name = "[CP] Embed Pods Frameworks";
			outputPaths = (
				"${TARGET_BUILD_DIR}/${FRAMEWORKS_FOLDER_PATH}/FBSnapshotTestCase.framework",
			);
			runOnlyForDeploymentPostprocessing = 0;
			shellPath = /bin/sh;
			shellScript = "\"${SRCROOT}/Pods/Target Support Files/Pods-NetRequstAPI_Tests/Pods-NetRequstAPI_Tests-frameworks.sh\"\n";
			showEnvVarsInLog = 0;
		};
		632C42496C5B5075DDB3EBAA /* [CP] Check Pods Manifest.lock */ = {
			isa = PBXShellScriptBuildPhase;
			buildActionMask = 2147483647;
			files = (
			);
			inputPaths = (
				"${PODS_PODFILE_DIR_PATH}/Podfile.lock",
				"${PODS_ROOT}/Manifest.lock",
			);
			name = "[CP] Check Pods Manifest.lock";
			outputPaths = (
				"$(DERIVED_FILE_DIR)/Pods-NetRequstAPI_Tests-checkManifestLockResult.txt",
			);
			runOnlyForDeploymentPostprocessing = 0;
			shellPath = /bin/sh;
			shellScript = "diff \"${PODS_PODFILE_DIR_PATH}/Podfile.lock\" \"${PODS_ROOT}/Manifest.lock\" > /dev/null\nif [ $? != 0 ] ; then\n    # print error to STDERR\n    echo \"error: The sandbox is not in sync with the Podfile.lock. Run 'pod install' or update your CocoaPods installation.\" >&2\n    exit 1\nfi\n# This output is used by Xcode 'outputs' to avoid re-running this script phase.\necho \"SUCCESS\" > \"${SCRIPT_OUTPUT_FILE_0}\"\n";
			showEnvVarsInLog = 0;
		};
		8533D6AE21AECC98F7C815F0 /* [CP] Check Pods Manifest.lock */ = {
			isa = PBXShellScriptBuildPhase;
			buildActionMask = 2147483647;
			files = (
			);
			inputPaths = (
				"${PODS_PODFILE_DIR_PATH}/Podfile.lock",
				"${PODS_ROOT}/Manifest.lock",
			);
			name = "[CP] Check Pods Manifest.lock";
			outputPaths = (
				"$(DERIVED_FILE_DIR)/Pods-NetRequstAPI_Example-checkManifestLockResult.txt",
			);
			runOnlyForDeploymentPostprocessing = 0;
			shellPath = /bin/sh;
			shellScript = "diff \"${PODS_PODFILE_DIR_PATH}/Podfile.lock\" \"${PODS_ROOT}/Manifest.lock\" > /dev/null\nif [ $? != 0 ] ; then\n    # print error to STDERR\n    echo \"error: The sandbox is not in sync with the Podfile.lock. Run 'pod install' or update your CocoaPods installation.\" >&2\n    exit 1\nfi\n# This output is used by Xcode 'outputs' to avoid re-running this script phase.\necho \"SUCCESS\" > \"${SCRIPT_OUTPUT_FILE_0}\"\n";
			showEnvVarsInLog = 0;
		};
		954652B7B2CA5726F0EF9340 /* [CP] Embed Pods Frameworks */ = {
			isa = PBXShellScriptBuildPhase;
			buildActionMask = 2147483647;
			files = (
			);
			inputPaths = (
				"${SRCROOT}/Pods/Target Support Files/Pods-NetRequstAPI_Example/Pods-NetRequstAPI_Example-frameworks.sh",
				"${BUILT_PRODUCTS_DIR}/AFNetworking/AFNetworking.framework",
				"${BUILT_PRODUCTS_DIR}/NetRequstAPI/NetRequstAPI.framework",
				"${BUILT_PRODUCTS_DIR}/YTKNetwork/YTKNetwork.framework",
			);
			name = "[CP] Embed Pods Frameworks";
			outputPaths = (
				"${TARGET_BUILD_DIR}/${FRAMEWORKS_FOLDER_PATH}/AFNetworking.framework",
				"${TARGET_BUILD_DIR}/${FRAMEWORKS_FOLDER_PATH}/NetRequstAPI.framework",
				"${TARGET_BUILD_DIR}/${FRAMEWORKS_FOLDER_PATH}/YTKNetwork.framework",
			);
			runOnlyForDeploymentPostprocessing = 0;
			shellPath = /bin/sh;
			shellScript = "\"${SRCROOT}/Pods/Target Support Files/Pods-NetRequstAPI_Example/Pods-NetRequstAPI_Example-frameworks.sh\"\n";
			showEnvVarsInLog = 0;
		};
/* End PBXShellScriptBuildPhase section */

/* Begin PBXSourcesBuildPhase section */
		6003F586195388D20070C39A /* Sources */ = {
			isa = PBXSourcesBuildPhase;
			buildActionMask = 2147483647;
			files = (
				334E658C207DBF3E005249B9 /* ZTKRequestModel.m in Sources */,
				334E6586207DB4ED005249B9 /* ZTKBaseNetRequest.m in Sources */,
				33C65BEB20A3F40900F1295E /* ZTKBJDownHelper.m in Sources */,
				33C65BE820A3E3AE00F1295E /* ZTKDownItem.m in Sources */,
				6003F59E195388D20070C39A /* ZTKAppDelegate.m in Sources */,
				33C65BDA20A3DFCF00F1295E /* UIButton+ButtonBlockCategory.m in Sources */,
				334E6589207DBE6E005249B9 /* ZTKRequestCodeTool.m in Sources */,
				6003F5A7195388D20070C39A /* ZTKViewController.m in Sources */,
				334E6583207DB4B7005249B9 /* ZTKTestRequestAPI.m in Sources */,
				33C65BEE20A3F42500F1295E /* ZTKLLDownHelper.m in Sources */,
				33C65BE520A3E30500F1295E /* ZTKDownHelperManager.m in Sources */,
				6003F59A195388D20070C39A /* main.m in Sources */,
			);
			runOnlyForDeploymentPostprocessing = 0;
		};
		6003F5AA195388D20070C39A /* Sources */ = {
			isa = PBXSourcesBuildPhase;
			buildActionMask = 2147483647;
			files = (
				6003F5BC195388D20070C39A /* Tests.m in Sources */,
			);
			runOnlyForDeploymentPostprocessing = 0;
		};
/* End PBXSourcesBuildPhase section */

/* Begin PBXTargetDependency section */
		6003F5B4195388D20070C39A /* PBXTargetDependency */ = {
			isa = PBXTargetDependency;
			target = 6003F589195388D20070C39A /* NetRequstAPI_Example */;
			targetProxy = 6003F5B3195388D20070C39A /* PBXContainerItemProxy */;
		};
/* End PBXTargetDependency section */

/* Begin PBXVariantGroup section */
		6003F596195388D20070C39A /* InfoPlist.strings */ = {
			isa = PBXVariantGroup;
			children = (
				6003F597195388D20070C39A /* en */,
			);
			name = InfoPlist.strings;
			sourceTree = "<group>";
		};
		6003F5B8195388D20070C39A /* InfoPlist.strings */ = {
			isa = PBXVariantGroup;
			children = (
				6003F5B9195388D20070C39A /* en */,
			);
			name = InfoPlist.strings;
			sourceTree = "<group>";
		};
		71719F9D1E33DC2100824A3D /* LaunchScreen.storyboard */ = {
			isa = PBXVariantGroup;
			children = (
				71719F9E1E33DC2100824A3D /* Base */,
			);
			name = LaunchScreen.storyboard;
			sourceTree = "<group>";
		};
/* End PBXVariantGroup section */

/* Begin XCBuildConfiguration section */
		6003F5BD195388D20070C39A /* Debug */ = {
			isa = XCBuildConfiguration;
			buildSettings = {
				ALWAYS_SEARCH_USER_PATHS = NO;
				CLANG_CXX_LANGUAGE_STANDARD = "gnu++0x";
				CLANG_CXX_LIBRARY = "libc++";
				CLANG_ENABLE_MODULES = YES;
				CLANG_ENABLE_OBJC_ARC = YES;
				CLANG_WARN_BOOL_CONVERSION = YES;
				CLANG_WARN_CONSTANT_CONVERSION = YES;
				CLANG_WARN_DIRECT_OBJC_ISA_USAGE = YES_ERROR;
				CLANG_WARN_EMPTY_BODY = YES;
				CLANG_WARN_ENUM_CONVERSION = YES;
				CLANG_WARN_INT_CONVERSION = YES;
				CLANG_WARN_OBJC_ROOT_CLASS = YES_ERROR;
				CLANG_WARN__DUPLICATE_METHOD_MATCH = YES;
				"CODE_SIGN_IDENTITY[sdk=iphoneos*]" = "iPhone Developer";
				COPY_PHASE_STRIP = NO;
				ENABLE_TESTABILITY = YES;
				GCC_C_LANGUAGE_STANDARD = gnu99;
				GCC_DYNAMIC_NO_PIC = NO;
				GCC_OPTIMIZATION_LEVEL = 0;
				GCC_PREPROCESSOR_DEFINITIONS = (
					"DEBUG=1",
					"$(inherited)",
				);
				GCC_SYMBOLS_PRIVATE_EXTERN = NO;
				GCC_WARN_64_TO_32_BIT_CONVERSION = YES;
				GCC_WARN_ABOUT_RETURN_TYPE = YES_ERROR;
				GCC_WARN_UNDECLARED_SELECTOR = YES;
				GCC_WARN_UNINITIALIZED_AUTOS = YES_AGGRESSIVE;
				GCC_WARN_UNUSED_FUNCTION = YES;
				GCC_WARN_UNUSED_VARIABLE = YES;
				IPHONEOS_DEPLOYMENT_TARGET = 9.3;
				ONLY_ACTIVE_ARCH = YES;
				SDKROOT = iphoneos;
				TARGETED_DEVICE_FAMILY = "1,2";
			};
			name = Debug;
		};
		6003F5BE195388D20070C39A /* Release */ = {
			isa = XCBuildConfiguration;
			buildSettings = {
				ALWAYS_SEARCH_USER_PATHS = NO;
				CLANG_CXX_LANGUAGE_STANDARD = "gnu++0x";
				CLANG_CXX_LIBRARY = "libc++";
				CLANG_ENABLE_MODULES = YES;
				CLANG_ENABLE_OBJC_ARC = YES;
				CLANG_WARN_BOOL_CONVERSION = YES;
				CLANG_WARN_CONSTANT_CONVERSION = YES;
				CLANG_WARN_DIRECT_OBJC_ISA_USAGE = YES_ERROR;
				CLANG_WARN_EMPTY_BODY = YES;
				CLANG_WARN_ENUM_CONVERSION = YES;
				CLANG_WARN_INT_CONVERSION = YES;
				CLANG_WARN_OBJC_ROOT_CLASS = YES_ERROR;
				CLANG_WARN__DUPLICATE_METHOD_MATCH = YES;
				"CODE_SIGN_IDENTITY[sdk=iphoneos*]" = "iPhone Developer";
				COPY_PHASE_STRIP = YES;
				ENABLE_NS_ASSERTIONS = NO;
				GCC_C_LANGUAGE_STANDARD = gnu99;
				GCC_WARN_64_TO_32_BIT_CONVERSION = YES;
				GCC_WARN_ABOUT_RETURN_TYPE = YES_ERROR;
				GCC_WARN_UNDECLARED_SELECTOR = YES;
				GCC_WARN_UNINITIALIZED_AUTOS = YES_AGGRESSIVE;
				GCC_WARN_UNUSED_FUNCTION = YES;
				GCC_WARN_UNUSED_VARIABLE = YES;
				IPHONEOS_DEPLOYMENT_TARGET = 9.3;
				SDKROOT = iphoneos;
				TARGETED_DEVICE_FAMILY = "1,2";
				VALIDATE_PRODUCT = YES;
			};
			name = Release;
		};
		6003F5C0195388D20070C39A /* Debug */ = {
			isa = XCBuildConfiguration;
			baseConfigurationReference = F6489207B298096B71083B24 /* Pods-NetRequstAPI_Example.debug.xcconfig */;
			buildSettings = {
				ASSETCATALOG_COMPILER_APPICON_NAME = AppIcon;
				DEVELOPMENT_TEAM = B4Q6JBQZP4;
				GCC_PRECOMPILE_PREFIX_HEADER = YES;
				GCC_PREFIX_HEADER = "NetRequstAPI/NetRequstAPI-Prefix.pch";
				INFOPLIST_FILE = "NetRequstAPI/NetRequstAPI-Info.plist";
				MODULE_NAME = ExampleApp;
				PRODUCT_BUNDLE_IDENTIFIER = "org.cocoapods.demo.${PRODUCT_NAME:rfc1034identifier}";
				PRODUCT_NAME = "$(TARGET_NAME)";
				WRAPPER_EXTENSION = app;
			};
			name = Debug;
		};
		6003F5C1195388D20070C39A /* Release */ = {
			isa = XCBuildConfiguration;
			baseConfigurationReference = 2D8B683771417A6D9BE66330 /* Pods-NetRequstAPI_Example.release.xcconfig */;
			buildSettings = {
				ASSETCATALOG_COMPILER_APPICON_NAME = AppIcon;
				DEVELOPMENT_TEAM = B4Q6JBQZP4;
				GCC_PRECOMPILE_PREFIX_HEADER = YES;
				GCC_PREFIX_HEADER = "NetRequstAPI/NetRequstAPI-Prefix.pch";
				INFOPLIST_FILE = "NetRequstAPI/NetRequstAPI-Info.plist";
				MODULE_NAME = ExampleApp;
				PRODUCT_BUNDLE_IDENTIFIER = "org.cocoapods.demo.${PRODUCT_NAME:rfc1034identifier}";
				PRODUCT_NAME = "$(TARGET_NAME)";
				WRAPPER_EXTENSION = app;
			};
			name = Release;
		};
		6003F5C3195388D20070C39A /* Debug */ = {
			isa = XCBuildConfiguration;
			baseConfigurationReference = DED94AA704806E5CAA813CB6 /* Pods-NetRequstAPI_Tests.debug.xcconfig */;
			buildSettings = {
				BUNDLE_LOADER = "$(TEST_HOST)";
				FRAMEWORK_SEARCH_PATHS = (
					"$(SDKROOT)/Developer/Library/Frameworks",
					"$(inherited)",
					"$(DEVELOPER_FRAMEWORKS_DIR)",
				);
				GCC_PRECOMPILE_PREFIX_HEADER = YES;
				GCC_PREFIX_HEADER = "Tests/Tests-Prefix.pch";
				GCC_PREPROCESSOR_DEFINITIONS = (
					"DEBUG=1",
					"$(inherited)",
				);
				INFOPLIST_FILE = "Tests/Tests-Info.plist";
				PRODUCT_BUNDLE_IDENTIFIER = "org.cocoapods.demo.${PRODUCT_NAME:rfc1034identifier}";
				PRODUCT_NAME = "$(TARGET_NAME)";
				TEST_HOST = "$(BUILT_PRODUCTS_DIR)/NetRequstAPI_Example.app/NetRequstAPI_Example";
				WRAPPER_EXTENSION = xctest;
			};
			name = Debug;
		};
		6003F5C4195388D20070C39A /* Release */ = {
			isa = XCBuildConfiguration;
			baseConfigurationReference = 3ED9826324D0B50F95725883 /* Pods-NetRequstAPI_Tests.release.xcconfig */;
			buildSettings = {
				BUNDLE_LOADER = "$(TEST_HOST)";
				FRAMEWORK_SEARCH_PATHS = (
					"$(SDKROOT)/Developer/Library/Frameworks",
					"$(inherited)",
					"$(DEVELOPER_FRAMEWORKS_DIR)",
				);
				GCC_PRECOMPILE_PREFIX_HEADER = YES;
				GCC_PREFIX_HEADER = "Tests/Tests-Prefix.pch";
				INFOPLIST_FILE = "Tests/Tests-Info.plist";
				PRODUCT_BUNDLE_IDENTIFIER = "org.cocoapods.demo.${PRODUCT_NAME:rfc1034identifier}";
				PRODUCT_NAME = "$(TARGET_NAME)";
				TEST_HOST = "$(BUILT_PRODUCTS_DIR)/NetRequstAPI_Example.app/NetRequstAPI_Example";
				WRAPPER_EXTENSION = xctest;
			};
			name = Release;
		};
/* End XCBuildConfiguration section */

/* Begin XCConfigurationList section */
		6003F585195388D10070C39A /* Build configuration list for PBXProject "NetRequstAPI" */ = {
			isa = XCConfigurationList;
			buildConfigurations = (
				6003F5BD195388D20070C39A /* Debug */,
				6003F5BE195388D20070C39A /* Release */,
			);
			defaultConfigurationIsVisible = 0;
			defaultConfigurationName = Release;
		};
		6003F5BF195388D20070C39A /* Build configuration list for PBXNativeTarget "NetRequstAPI_Example" */ = {
			isa = XCConfigurationList;
			buildConfigurations = (
				6003F5C0195388D20070C39A /* Debug */,
				6003F5C1195388D20070C39A /* Release */,
			);
			defaultConfigurationIsVisible = 0;
			defaultConfigurationName = Release;
		};
		6003F5C2195388D20070C39A /* Build configuration list for PBXNativeTarget "NetRequstAPI_Tests" */ = {
			isa = XCConfigurationList;
			buildConfigurations = (
				6003F5C3195388D20070C39A /* Debug */,
				6003F5C4195388D20070C39A /* Release */,
			);
			defaultConfigurationIsVisible = 0;
			defaultConfigurationName = Release;
		};
/* End XCConfigurationList section */
	};
	rootObject = 6003F582195388D10070C39A /* Project object */;
}
